
Microsoft Visual Studio Solution File, Format Version 12.00
# Visual Studio Version 17
VisualStudioVersion = 17.13.35818.85 d17.13
MinimumVisualStudioVersion = 10.0.40219.1
Project("{FAE04EC0-301F-11D3-BF4B-00C04F79EFBC}") = "CodeRecruit", "CodeRecruit\CodeRecruit.csproj", "{F909B5EF-2031-4E4E-A86B-3A7FDA556EED}"
EndProject
Project("{FAE04EC0-301F-11D3-BF4B-00C04F79EFBC}") = "CodeRecruitTests", "CodeRecruitTests\CodeRecruitTests.csproj", "{4BAC1A87-0F7F-416D-B595-B3398D7E7857}"
EndProject
Global
	GlobalSection(SolutionConfigurationPlatforms) = preSolution
		Debug|Any CPU = Debug|Any CPU
		Release|Any CPU = Release|Any CPU
	EndGlobalSection
	GlobalSection(ProjectConfigurationPlatforms) = postSolution
		{F909B5EF-2031-4E4E-A86B-3A7FDA556EED}.Debug|Any CPU.ActiveCfg = Debug|Any CPU
		{F909B5EF-2031-4E4E-A86B-3A7FDA556EED}.Debug|Any CPU.Build.0 = Debug|Any CPU
		{F909B5EF-2031-4E4E-A86B-3A7FDA556EED}.Release|Any CPU.ActiveCfg = Release|Any CPU
		{F909B5EF-2031-4E4E-A86B-3A7FDA556EED}.Release|Any CPU.Build.0 = Release|Any CPU
		{4BAC1A87-0F7F-416D-B595-B3398D7E7857}.Debug|Any CPU.ActiveCfg = Debug|Any CPU
		{4BAC1A87-0F7F-416D-B595-B3398D7E7857}.Debug|Any CPU.Build.0 = Debug|Any CPU
		{4BAC1A87-0F7F-416D-B595-B3398D7E7857}.Release|Any CPU.ActiveCfg = Release|Any CPU
		{4BAC1A87-0F7F-416D-B595-B3398D7E7857}.Release|Any CPU.Build.0 = Release|Any CPU
	EndGlobalSection
	GlobalSection(SolutionProperties) = preSolution
		HideSolutionNode = FALSE
	EndGlobalSection
	GlobalSection(ExtensibilityGlobals) = postSolution
		SolutionGuid = {077903DC-687D-4056-9D38-A0AC3B1B56B1}
	EndGlobalSection
EndGlobal
